
Microsoft Visual Studio Solution File, Format Version 12.00
# Visual Studio 14
VisualStudioVersion = 14.0.25420.1
MinimumVisualStudioVersion = 10.0.40219.1
Project("{FAE04EC0-301F-11D3-BF4B-00C04F79EFBC}") = "PolymerMotionSimulation", "PolymerMotionSimulation\PolymerMotionSimulation.csproj", "{EC4B3471-7E83-4F40-8C46-ADD0B5F1814B}"
EndProject
Project("{FAE04EC0-301F-11D3-BF4B-00C04F79EFBC}") = "PolymerMotionSimulationGUI", "PolymerMotionSimulationGUI\PolymerMotionSimulationGUI.csproj", "{38B0CF46-781F-42DA-8CC0-8D353BD33456}"
EndProject
Project("{FAE04EC0-301F-11D3-BF4B-00C04F79EFBC}") = "PolymerMotionSimulationUnitTest", "PolymerMotionSimulationUnitTest\PolymerMotionSimulationUnitTest.csproj", "{F2D17291-5F4B-4E31-88A4-AA67F865B076}"
EndProject
Project("{FAE04EC0-301F-11D3-BF4B-00C04F79EFBC}") = "PolymerMotionSimulationConsoleApp", "PolymerMotionSimulationConsoleApp\PolymerMotionSimulationConsoleApp.csproj", "{2B8CC7EC-A0BB-4462-BA57-1A4EAA63B802}"
EndProject
Project("{FAE04EC0-301F-11D3-BF4B-00C04F79EFBC}") = "PdbLib", "PdbLib\PdbLib.csproj", "{88DE4761-8438-4122-BC01-2324902DDADD}"
EndProject
Project("{FAE04EC0-301F-11D3-BF4B-00C04F79EFBC}") = "PdbLibFileApp", "PdbLibFileApp\PdbLibFileApp.csproj", "{A5CA415B-9E71-45EF-B3AB-EB0387AE6F5A}"
EndProject
Project("{FAE04EC0-301F-11D3-BF4B-00C04F79EFBC}") = "OpenGLGuiApp", "OpenGLGuiApp\OpenGLGuiApp.csproj", "{E049BB02-0E2F-44E6-B083-AF534051F321}"
EndProject
Global
	GlobalSection(SolutionConfigurationPlatforms) = preSolution
		Debug|Any CPU = Debug|Any CPU
		Release|Any CPU = Release|Any CPU
	EndGlobalSection
	GlobalSection(ProjectConfigurationPlatforms) = postSolution
		{EC4B3471-7E83-4F40-8C46-ADD0B5F1814B}.Debug|Any CPU.ActiveCfg = Debug|Any CPU
		{EC4B3471-7E83-4F40-8C46-ADD0B5F1814B}.Debug|Any CPU.Build.0 = Debug|Any CPU
		{EC4B3471-7E83-4F40-8C46-ADD0B5F1814B}.Release|Any CPU.ActiveCfg = Release|Any CPU
		{EC4B3471-7E83-4F40-8C46-ADD0B5F1814B}.Release|Any CPU.Build.0 = Release|Any CPU
		{38B0CF46-781F-42DA-8CC0-8D353BD33456}.Debug|Any CPU.ActiveCfg = Debug|Any CPU
		{38B0CF46-781F-42DA-8CC0-8D353BD33456}.Debug|Any CPU.Build.0 = Debug|Any CPU
		{38B0CF46-781F-42DA-8CC0-8D353BD33456}.Release|Any CPU.ActiveCfg = Release|Any CPU
		{38B0CF46-781F-42DA-8CC0-8D353BD33456}.Release|Any CPU.Build.0 = Release|Any CPU
		{F2D17291-5F4B-4E31-88A4-AA67F865B076}.Debug|Any CPU.ActiveCfg = Debug|Any CPU
		{F2D17291-5F4B-4E31-88A4-AA67F865B076}.Debug|Any CPU.Build.0 = Debug|Any CPU
		{F2D17291-5F4B-4E31-88A4-AA67F865B076}.Release|Any CPU.ActiveCfg = Release|Any CPU
		{F2D17291-5F4B-4E31-88A4-AA67F865B076}.Release|Any CPU.Build.0 = Release|Any CPU
		{2B8CC7EC-A0BB-4462-BA57-1A4EAA63B802}.Debug|Any CPU.ActiveCfg = Debug|Any CPU
		{2B8CC7EC-A0BB-4462-BA57-1A4EAA63B802}.Debug|Any CPU.Build.0 = Debug|Any CPU
		{2B8CC7EC-A0BB-4462-BA57-1A4EAA63B802}.Release|Any CPU.ActiveCfg = Release|Any CPU
		{2B8CC7EC-A0BB-4462-BA57-1A4EAA63B802}.Release|Any CPU.Build.0 = Release|Any CPU
		{88DE4761-8438-4122-BC01-2324902DDADD}.Debug|Any CPU.ActiveCfg = Debug|Any CPU
		{88DE4761-8438-4122-BC01-2324902DDADD}.Debug|Any CPU.Build.0 = Debug|Any CPU
		{88DE4761-8438-4122-BC01-2324902DDADD}.Release|Any CPU.ActiveCfg = Release|Any CPU
		{88DE4761-8438-4122-BC01-2324902DDADD}.Release|Any CPU.Build.0 = Release|Any CPU
		{A5CA415B-9E71-45EF-B3AB-EB0387AE6F5A}.Debug|Any CPU.ActiveCfg = Debug|Any CPU
		{A5CA415B-9E71-45EF-B3AB-EB0387AE6F5A}.Debug|Any CPU.Build.0 = Debug|Any CPU
		{A5CA415B-9E71-45EF-B3AB-EB0387AE6F5A}.Release|Any CPU.ActiveCfg = Release|Any CPU
		{A5CA415B-9E71-45EF-B3AB-EB0387AE6F5A}.Release|Any CPU.Build.0 = Release|Any CPU
		{E049BB02-0E2F-44E6-B083-AF534051F321}.Debug|Any CPU.ActiveCfg = Debug|Any CPU
		{E049BB02-0E2F-44E6-B083-AF534051F321}.Debug|Any CPU.Build.0 = Debug|Any CPU
		{E049BB02-0E2F-44E6-B083-AF534051F321}.Release|Any CPU.ActiveCfg = Release|Any CPU
		{E049BB02-0E2F-44E6-B083-AF534051F321}.Release|Any CPU.Build.0 = Release|Any CPU
	EndGlobalSection
	GlobalSection(SolutionProperties) = preSolution
		HideSolutionNode = FALSE
	EndGlobalSection
EndGlobal
